// !$*UTF8*$!
{
	archiveVersion = 1;
	classes = {
	};
	objectVersion = 55;
	objects = {

/* Begin PBXBuildFile section */
		6316A4DB276D2CCD00950308 /* CardsCollectionViewCell.swift in Sources */ = {isa = PBXBuildFile; fileRef = 6316A4DA276D2CCD00950308 /* CardsCollectionViewCell.swift */; };
		634852F1276B902E00E2FA1F /* NetworkManager.swift in Sources */ = {isa = PBXBuildFile; fileRef = 634852F0276B902E00E2FA1F /* NetworkManager.swift */; };
		634852F3276B90CE00E2FA1F /* LoginModel.swift in Sources */ = {isa = PBXBuildFile; fileRef = 634852F2276B90CE00E2FA1F /* LoginModel.swift */; };
		634852F8276B9B2700E2FA1F /* AppError.swift in Sources */ = {isa = PBXBuildFile; fileRef = 634852F7276B9B2700E2FA1F /* AppError.swift */; };
		63ACE775277260F9001D12C1 /* WorthModel.swift in Sources */ = {isa = PBXBuildFile; fileRef = 63ACE774277260F9001D12C1 /* WorthModel.swift */; };
		63AF409A276D65D100E18E99 /* DateExtension.swift in Sources */ = {isa = PBXBuildFile; fileRef = 63AF4099276D65D100E18E99 /* DateExtension.swift */; };
		63AF409C276D66E500E18E99 /* AppSingleton.swift in Sources */ = {isa = PBXBuildFile; fileRef = 63AF409B276D66E500E18E99 /* AppSingleton.swift */; };
		63AF409E276D72EB00E18E99 /* StringExtension.swift in Sources */ = {isa = PBXBuildFile; fileRef = 63AF409D276D72EB00E18E99 /* StringExtension.swift */; };
		63D8A46E277B78AB0050BF25 /* BaseViewController.swift in Sources */ = {isa = PBXBuildFile; fileRef = 63D8A46D277B78AB0050BF25 /* BaseViewController.swift */; };
		63D8A471277BA5EF0050BF25 /* MainTabBarController.swift in Sources */ = {isa = PBXBuildFile; fileRef = 63D8A470277BA5EF0050BF25 /* MainTabBarController.swift */; };
		63EC201627736A3500BE15CD /* DoubleExtension.swift in Sources */ = {isa = PBXBuildFile; fileRef = 63EC201527736A3500BE15CD /* DoubleExtension.swift */; };
		63FA01002771F37600B7BAC3 /* TransactionModel.swift in Sources */ = {isa = PBXBuildFile; fileRef = 63FA00FF2771F37600B7BAC3 /* TransactionModel.swift */; };
		7F6CA7FDB49569E9421C1C34 /* Pods_banking_app.framework in Frameworks */ = {isa = PBXBuildFile; fileRef = 3C7389560461CA0490470EC5 /* Pods_banking_app.framework */; };
		C40CD9192764D1560061BB09 /* AccountsDataSource.swift in Sources */ = {isa = PBXBuildFile; fileRef = C40CD9182764D1540061BB09 /* AccountsDataSource.swift */; };
		C40CD91B2764D16C0061BB09 /* AccountModel.swift in Sources */ = {isa = PBXBuildFile; fileRef = C40CD91A2764D16C0061BB09 /* AccountModel.swift */; };
		C431E14D2760DA3E00A18D31 /* CardDetailViewController.swift in Sources */ = {isa = PBXBuildFile; fileRef = C431E14C2760DA3E00A18D31 /* CardDetailViewController.swift */; };
		C431E14F2760DA5100A18D31 /* AccountDetailViewController.swift in Sources */ = {isa = PBXBuildFile; fileRef = C431E14E2760DA5100A18D31 /* AccountDetailViewController.swift */; };
		C431E1582760DC0C00A18D31 /* InvestmentsDetailTableViewCell.swift in Sources */ = {isa = PBXBuildFile; fileRef = C431E1572760DC0C00A18D31 /* InvestmentsDetailTableViewCell.swift */; };
		C431E15A2760DC1E00A18D31 /* TransfersTableViewCell.swift in Sources */ = {isa = PBXBuildFile; fileRef = C431E1592760DC1E00A18D31 /* TransfersTableViewCell.swift */; };
		C45BEA922768C4BC00A77542 /* FirebaseDataSourceDelegate.swift in Sources */ = {isa = PBXBuildFile; fileRef = C45BEA912768C4BB00A77542 /* FirebaseDataSourceDelegate.swift */; };
		C4644EE5276926A1002C17B9 /* UserModel.swift in Sources */ = {isa = PBXBuildFile; fileRef = C4644EE4276926A1002C17B9 /* UserModel.swift */; };
		C47933802773636C004B90BF /* AccountsCollectionViewCell.swift in Sources */ = {isa = PBXBuildFile; fileRef = C479337F2773636C004B90BF /* AccountsCollectionViewCell.swift */; };
		C4818834277A08A600E26839 /* InvestmentsTableViewCell.swift in Sources */ = {isa = PBXBuildFile; fileRef = C4818833277A08A500E26839 /* InvestmentsTableViewCell.swift */; };
		C486177727677162000A9DCE /* CardModel.swift in Sources */ = {isa = PBXBuildFile; fileRef = C486177627677161000A9DCE /* CardModel.swift */; };
		C486177927677180000A9DCE /* CardsDataSource.swift in Sources */ = {isa = PBXBuildFile; fileRef = C486177827677180000A9DCE /* CardsDataSource.swift */; };
		C4911E19277B00AF00488723 /* TransferMoneyViewController.swift in Sources */ = {isa = PBXBuildFile; fileRef = C4911E18277B00AF00488723 /* TransferMoneyViewController.swift */; };
		C491406C2778B1B7008B38B2 /* InvestmentModel.swift in Sources */ = {isa = PBXBuildFile; fileRef = C491406B2778B1B6008B38B2 /* InvestmentModel.swift */; };
		C491406E277910C5008B38B2 /* ChangePasswordViewController.swift in Sources */ = {isa = PBXBuildFile; fileRef = C491406D277910C4008B38B2 /* ChangePasswordViewController.swift */; };
		C4A26EB3275FF5A4009DB036 /* MainViewController.swift in Sources */ = {isa = PBXBuildFile; fileRef = C4A26EB2275FF5A4009DB036 /* MainViewController.swift */; };
		C4A26EB5275FF5BB009DB036 /* SettingsViewController.swift in Sources */ = {isa = PBXBuildFile; fileRef = C4A26EB4275FF5BB009DB036 /* SettingsViewController.swift */; };
		C4A26EB7275FF5D1009DB036 /* InvestmentsViewController.swift in Sources */ = {isa = PBXBuildFile; fileRef = C4A26EB6275FF5D1009DB036 /* InvestmentsViewController.swift */; };
		C4A26EB9275FF5E1009DB036 /* TransfersViewController.swift in Sources */ = {isa = PBXBuildFile; fileRef = C4A26EB8275FF5E1009DB036 /* TransfersViewController.swift */; };
		C4A26EBB275FF5ED009DB036 /* WalletViewController.swift in Sources */ = {isa = PBXBuildFile; fileRef = C4A26EBA275FF5ED009DB036 /* WalletViewController.swift */; };
		C4A26EBD276002F7009DB036 /* InvestmentsDetailViewController.swift in Sources */ = {isa = PBXBuildFile; fileRef = C4A26EBC276002F6009DB036 /* InvestmentsDetailViewController.swift */; };
		C4E972B7276889FA00FC227E /* GoogleService-Info.plist in Resources */ = {isa = PBXBuildFile; fileRef = C4E972B6276889F900FC227E /* GoogleService-Info.plist */; };
		E18411E3275E788300226A91 /* AppDelegate.swift in Sources */ = {isa = PBXBuildFile; fileRef = E18411E2275E788300226A91 /* AppDelegate.swift */; };
		E18411E5275E788300226A91 /* SceneDelegate.swift in Sources */ = {isa = PBXBuildFile; fileRef = E18411E4275E788300226A91 /* SceneDelegate.swift */; };
		E18411E7275E788300226A91 /* SignInViewController.swift in Sources */ = {isa = PBXBuildFile; fileRef = E18411E6275E788300226A91 /* SignInViewController.swift */; };
		E18411EA275E788300226A91 /* Main.storyboard in Resources */ = {isa = PBXBuildFile; fileRef = E18411E8275E788300226A91 /* Main.storyboard */; };
		E18411EC275E788800226A91 /* Assets.xcassets in Resources */ = {isa = PBXBuildFile; fileRef = E18411EB275E788800226A91 /* Assets.xcassets */; };
		E18411EF275E788800226A91 /* LaunchScreen.storyboard in Resources */ = {isa = PBXBuildFile; fileRef = E18411ED275E788800226A91 /* LaunchScreen.storyboard */; };
/* End PBXBuildFile section */

/* Begin PBXFileReference section */
		041BD6018907E42EEE3EDD14 /* Pods-banking_app.debug.xcconfig */ = {isa = PBXFileReference; includeInIndex = 1; lastKnownFileType = text.xcconfig; name = "Pods-banking_app.debug.xcconfig"; path = "Target Support Files/Pods-banking_app/Pods-banking_app.debug.xcconfig"; sourceTree = "<group>"; };
		3C7389560461CA0490470EC5 /* Pods_banking_app.framework */ = {isa = PBXFileReference; explicitFileType = wrapper.framework; includeInIndex = 0; path = Pods_banking_app.framework; sourceTree = BUILT_PRODUCTS_DIR; };
		4DD030FB0232DA50605A3ABA /* Pods-banking_app.release.xcconfig */ = {isa = PBXFileReference; includeInIndex = 1; lastKnownFileType = text.xcconfig; name = "Pods-banking_app.release.xcconfig"; path = "Target Support Files/Pods-banking_app/Pods-banking_app.release.xcconfig"; sourceTree = "<group>"; };
		6316A4DA276D2CCD00950308 /* CardsCollectionViewCell.swift */ = {isa = PBXFileReference; lastKnownFileType = sourcecode.swift; path = CardsCollectionViewCell.swift; sourceTree = "<group>"; };
		634852F0276B902E00E2FA1F /* NetworkManager.swift */ = {isa = PBXFileReference; lastKnownFileType = sourcecode.swift; path = NetworkManager.swift; sourceTree = "<group>"; };
		634852F2276B90CE00E2FA1F /* LoginModel.swift */ = {isa = PBXFileReference; lastKnownFileType = sourcecode.swift; path = LoginModel.swift; sourceTree = "<group>"; };
		634852F7276B9B2700E2FA1F /* AppError.swift */ = {isa = PBXFileReference; lastKnownFileType = sourcecode.swift; path = AppError.swift; sourceTree = "<group>"; };
		63ACE774277260F9001D12C1 /* WorthModel.swift */ = {isa = PBXFileReference; lastKnownFileType = sourcecode.swift; path = WorthModel.swift; sourceTree = "<group>"; };
		63AF4099276D65D100E18E99 /* DateExtension.swift */ = {isa = PBXFileReference; lastKnownFileType = sourcecode.swift; path = DateExtension.swift; sourceTree = "<group>"; };
		63AF409B276D66E500E18E99 /* AppSingleton.swift */ = {isa = PBXFileReference; lastKnownFileType = sourcecode.swift; path = AppSingleton.swift; sourceTree = "<group>"; };
		63AF409D276D72EB00E18E99 /* StringExtension.swift */ = {isa = PBXFileReference; lastKnownFileType = sourcecode.swift; path = StringExtension.swift; sourceTree = "<group>"; };
		63D8A46D277B78AB0050BF25 /* BaseViewController.swift */ = {isa = PBXFileReference; lastKnownFileType = sourcecode.swift; path = BaseViewController.swift; sourceTree = "<group>"; };
		63D8A470277BA5EF0050BF25 /* MainTabBarController.swift */ = {isa = PBXFileReference; lastKnownFileType = sourcecode.swift; path = MainTabBarController.swift; sourceTree = "<group>"; };
		63EC201527736A3500BE15CD /* DoubleExtension.swift */ = {isa = PBXFileReference; lastKnownFileType = sourcecode.swift; path = DoubleExtension.swift; sourceTree = "<group>"; };
		63FA00FF2771F37600B7BAC3 /* TransactionModel.swift */ = {isa = PBXFileReference; lastKnownFileType = sourcecode.swift; path = TransactionModel.swift; sourceTree = "<group>"; };
		C40CD9182764D1540061BB09 /* AccountsDataSource.swift */ = {isa = PBXFileReference; lastKnownFileType = sourcecode.swift; path = AccountsDataSource.swift; sourceTree = "<group>"; };
		C40CD91A2764D16C0061BB09 /* AccountModel.swift */ = {isa = PBXFileReference; lastKnownFileType = sourcecode.swift; path = AccountModel.swift; sourceTree = "<group>"; };
		C431E14C2760DA3E00A18D31 /* CardDetailViewController.swift */ = {isa = PBXFileReference; lastKnownFileType = sourcecode.swift; path = CardDetailViewController.swift; sourceTree = "<group>"; };
		C431E14E2760DA5100A18D31 /* AccountDetailViewController.swift */ = {isa = PBXFileReference; lastKnownFileType = sourcecode.swift; path = AccountDetailViewController.swift; sourceTree = "<group>"; };
		C431E1572760DC0C00A18D31 /* InvestmentsDetailTableViewCell.swift */ = {isa = PBXFileReference; lastKnownFileType = sourcecode.swift; path = InvestmentsDetailTableViewCell.swift; sourceTree = "<group>"; };
		C431E1592760DC1E00A18D31 /* TransfersTableViewCell.swift */ = {isa = PBXFileReference; lastKnownFileType = sourcecode.swift; path = TransfersTableViewCell.swift; sourceTree = "<group>"; };
		C45BEA912768C4BB00A77542 /* FirebaseDataSourceDelegate.swift */ = {isa = PBXFileReference; lastKnownFileType = sourcecode.swift; path = FirebaseDataSourceDelegate.swift; sourceTree = "<group>"; };
		C4644EE4276926A1002C17B9 /* UserModel.swift */ = {isa = PBXFileReference; lastKnownFileType = sourcecode.swift; path = UserModel.swift; sourceTree = "<group>"; };
		C479337F2773636C004B90BF /* AccountsCollectionViewCell.swift */ = {isa = PBXFileReference; lastKnownFileType = sourcecode.swift; path = AccountsCollectionViewCell.swift; sourceTree = "<group>"; };
		C4818833277A08A500E26839 /* InvestmentsTableViewCell.swift */ = {isa = PBXFileReference; lastKnownFileType = sourcecode.swift; path = InvestmentsTableViewCell.swift; sourceTree = "<group>"; };
		C486177627677161000A9DCE /* CardModel.swift */ = {isa = PBXFileReference; lastKnownFileType = sourcecode.swift; path = CardModel.swift; sourceTree = "<group>"; };
		C486177827677180000A9DCE /* CardsDataSource.swift */ = {isa = PBXFileReference; lastKnownFileType = sourcecode.swift; path = CardsDataSource.swift; sourceTree = "<group>"; };
		C4911E18277B00AF00488723 /* TransferMoneyViewController.swift */ = {isa = PBXFileReference; lastKnownFileType = sourcecode.swift; path = TransferMoneyViewController.swift; sourceTree = "<group>"; };
		C491406B2778B1B6008B38B2 /* InvestmentModel.swift */ = {isa = PBXFileReference; lastKnownFileType = sourcecode.swift; path = InvestmentModel.swift; sourceTree = "<group>"; };
		C491406D277910C4008B38B2 /* ChangePasswordViewController.swift */ = {isa = PBXFileReference; lastKnownFileType = sourcecode.swift; path = ChangePasswordViewController.swift; sourceTree = "<group>"; };
		C4A26EB2275FF5A4009DB036 /* MainViewController.swift */ = {isa = PBXFileReference; lastKnownFileType = sourcecode.swift; path = MainViewController.swift; sourceTree = "<group>"; };
		C4A26EB4275FF5BB009DB036 /* SettingsViewController.swift */ = {isa = PBXFileReference; lastKnownFileType = sourcecode.swift; path = SettingsViewController.swift; sourceTree = "<group>"; };
		C4A26EB6275FF5D1009DB036 /* InvestmentsViewController.swift */ = {isa = PBXFileReference; lastKnownFileType = sourcecode.swift; path = InvestmentsViewController.swift; sourceTree = "<group>"; };
		C4A26EB8275FF5E1009DB036 /* TransfersViewController.swift */ = {isa = PBXFileReference; lastKnownFileType = sourcecode.swift; path = TransfersViewController.swift; sourceTree = "<group>"; };
		C4A26EBA275FF5ED009DB036 /* WalletViewController.swift */ = {isa = PBXFileReference; lastKnownFileType = sourcecode.swift; path = WalletViewController.swift; sourceTree = "<group>"; };
		C4A26EBC276002F6009DB036 /* InvestmentsDetailViewController.swift */ = {isa = PBXFileReference; lastKnownFileType = sourcecode.swift; path = InvestmentsDetailViewController.swift; sourceTree = "<group>"; };
		C4E972B6276889F900FC227E /* GoogleService-Info.plist */ = {isa = PBXFileReference; fileEncoding = 4; lastKnownFileType = text.plist.xml; path = "GoogleService-Info.plist"; sourceTree = "<group>"; };
		E18411DF275E788300226A91 /* banking_app.app */ = {isa = PBXFileReference; explicitFileType = wrapper.application; includeInIndex = 0; path = banking_app.app; sourceTree = BUILT_PRODUCTS_DIR; };
		E18411E2275E788300226A91 /* AppDelegate.swift */ = {isa = PBXFileReference; lastKnownFileType = sourcecode.swift; path = AppDelegate.swift; sourceTree = "<group>"; };
		E18411E4275E788300226A91 /* SceneDelegate.swift */ = {isa = PBXFileReference; lastKnownFileType = sourcecode.swift; path = SceneDelegate.swift; sourceTree = "<group>"; };
		E18411E6275E788300226A91 /* SignInViewController.swift */ = {isa = PBXFileReference; lastKnownFileType = sourcecode.swift; path = SignInViewController.swift; sourceTree = "<group>"; };
		E18411E9275E788300226A91 /* Base */ = {isa = PBXFileReference; lastKnownFileType = file.storyboard; name = Base; path = Base.lproj/Main.storyboard; sourceTree = "<group>"; };
		E18411EB275E788800226A91 /* Assets.xcassets */ = {isa = PBXFileReference; lastKnownFileType = folder.assetcatalog; path = Assets.xcassets; sourceTree = "<group>"; };
		E18411EE275E788800226A91 /* Base */ = {isa = PBXFileReference; lastKnownFileType = file.storyboard; name = Base; path = Base.lproj/LaunchScreen.storyboard; sourceTree = "<group>"; };
		E18411F0275E788800226A91 /* Info.plist */ = {isa = PBXFileReference; lastKnownFileType = text.plist.xml; path = Info.plist; sourceTree = "<group>"; };
/* End PBXFileReference section */

/* Begin PBXFrameworksBuildPhase section */
		E18411DC275E788300226A91 /* Frameworks */ = {
			isa = PBXFrameworksBuildPhase;
			buildActionMask = 2147483647;
			files = (
				7F6CA7FDB49569E9421C1C34 /* Pods_banking_app.framework in Frameworks */,
			);
			runOnlyForDeploymentPostprocessing = 0;
		};
/* End PBXFrameworksBuildPhase section */

/* Begin PBXGroup section */
		1A5E715F75B689715D6CEC28 /* Frameworks */ = {
			isa = PBXGroup;
			children = (
				3C7389560461CA0490470EC5 /* Pods_banking_app.framework */,
			);
			name = Frameworks;
			sourceTree = "<group>";
		};
		634852EF276B901E00E2FA1F /* Network */ = {
			isa = PBXGroup;
			children = (
				634852F0276B902E00E2FA1F /* NetworkManager.swift */,
			);
			path = Network;
			sourceTree = "<group>";
		};
		634852F6276B9B1700E2FA1F /* Utilities */ = {
			isa = PBXGroup;
			children = (
				634852F7276B9B2700E2FA1F /* AppError.swift */,
				63AF4099276D65D100E18E99 /* DateExtension.swift */,
				63AF409B276D66E500E18E99 /* AppSingleton.swift */,
				63AF409D276D72EB00E18E99 /* StringExtension.swift */,
				63EC201527736A3500BE15CD /* DoubleExtension.swift */,
			);
			path = Utilities;
			sourceTree = "<group>";
		};
		63D8A46F277BA5D70050BF25 /* TabBarController */ = {
			isa = PBXGroup;
			children = (
				63D8A470277BA5EF0050BF25 /* MainTabBarController.swift */,
			);
			path = TabBarController;
			sourceTree = "<group>";
		};
		AA79BF5F8238D75BF59ECCA5 /* Pods */ = {
			isa = PBXGroup;
			children = (
				041BD6018907E42EEE3EDD14 /* Pods-banking_app.debug.xcconfig */,
				4DD030FB0232DA50605A3ABA /* Pods-banking_app.release.xcconfig */,
			);
			path = Pods;
			sourceTree = "<group>";
		};
		C431E1502760DB8000A18D31 /* Cells */ = {
			isa = PBXGroup;
			children = (
				6316A4DA276D2CCD00950308 /* CardsCollectionViewCell.swift */,
				C431E1572760DC0C00A18D31 /* InvestmentsDetailTableViewCell.swift */,
				C431E1592760DC1E00A18D31 /* TransfersTableViewCell.swift */,
				C479337F2773636C004B90BF /* AccountsCollectionViewCell.swift */,
				C4818833277A08A500E26839 /* InvestmentsTableViewCell.swift */,
			);
			path = Cells;
			sourceTree = "<group>";
		};
		C4A26EB0275FF517009DB036 /* Model */ = {
			isa = PBXGroup;
			children = (
				C40CD9182764D1540061BB09 /* AccountsDataSource.swift */,
				C40CD91A2764D16C0061BB09 /* AccountModel.swift */,
				C486177627677161000A9DCE /* CardModel.swift */,
				C486177827677180000A9DCE /* CardsDataSource.swift */,
				C45BEA912768C4BB00A77542 /* FirebaseDataSourceDelegate.swift */,
				C4644EE4276926A1002C17B9 /* UserModel.swift */,
				634852F2276B90CE00E2FA1F /* LoginModel.swift */,
				63FA00FF2771F37600B7BAC3 /* TransactionModel.swift */,
				63ACE774277260F9001D12C1 /* WorthModel.swift */,
				C491406B2778B1B6008B38B2 /* InvestmentModel.swift */,
			);
			path = Model;
			sourceTree = "<group>";
		};
		C4A26EB1275FF521009DB036 /* ViewControllers */ = {
			isa = PBXGroup;
			children = (
				63D8A46F277BA5D70050BF25 /* TabBarController */,
				63D8A46D277B78AB0050BF25 /* BaseViewController.swift */,
				E18411E6275E788300226A91 /* SignInViewController.swift */,
				C4A26EB2275FF5A4009DB036 /* MainViewController.swift */,
				C4A26EB4275FF5BB009DB036 /* SettingsViewController.swift */,
				C4A26EB6275FF5D1009DB036 /* InvestmentsViewController.swift */,
				C4A26EB8275FF5E1009DB036 /* TransfersViewController.swift */,
				C4A26EBA275FF5ED009DB036 /* WalletViewController.swift */,
				C4A26EBC276002F6009DB036 /* InvestmentsDetailViewController.swift */,
				C431E14C2760DA3E00A18D31 /* CardDetailViewController.swift */,
				C431E14E2760DA5100A18D31 /* AccountDetailViewController.swift */,
				C491406D277910C4008B38B2 /* ChangePasswordViewController.swift */,
				C4911E18277B00AF00488723 /* TransferMoneyViewController.swift */,
			);
			path = ViewControllers;
			sourceTree = "<group>";
		};
		E18411D6275E788300226A91 = {
			isa = PBXGroup;
			children = (
				E18411E1275E788300226A91 /* banking_app */,
				E18411E0275E788300226A91 /* Products */,
				AA79BF5F8238D75BF59ECCA5 /* Pods */,
				1A5E715F75B689715D6CEC28 /* Frameworks */,
			);
			sourceTree = "<group>";
		};
		E18411E0275E788300226A91 /* Products */ = {
			isa = PBXGroup;
			children = (
				E18411DF275E788300226A91 /* banking_app.app */,
			);
			name = Products;
			sourceTree = "<group>";
		};
		E18411E1275E788300226A91 /* banking_app */ = {
			isa = PBXGroup;
			children = (
				634852F6276B9B1700E2FA1F /* Utilities */,
				634852EF276B901E00E2FA1F /* Network */,
				C4E972B6276889F900FC227E /* GoogleService-Info.plist */,
				C431E1502760DB8000A18D31 /* Cells */,
				C4A26EB1275FF521009DB036 /* ViewControllers */,
				C4A26EB0275FF517009DB036 /* Model */,
				E18411E2275E788300226A91 /* AppDelegate.swift */,
				E18411E4275E788300226A91 /* SceneDelegate.swift */,
				E18411E8275E788300226A91 /* Main.storyboard */,
				E18411EB275E788800226A91 /* Assets.xcassets */,
				E18411ED275E788800226A91 /* LaunchScreen.storyboard */,
				E18411F0275E788800226A91 /* Info.plist */,
			);
			path = banking_app;
			sourceTree = "<group>";
		};
/* End PBXGroup section */

/* Begin PBXNativeTarget section */
		E18411DE275E788300226A91 /* banking_app */ = {
			isa = PBXNativeTarget;
			buildConfigurationList = E18411F3275E788800226A91 /* Build configuration list for PBXNativeTarget "banking_app" */;
			buildPhases = (
				FDDC70C9E6BED2A14F4E95D7 /* [CP] Check Pods Manifest.lock */,
				E18411DB275E788300226A91 /* Sources */,
				E18411DC275E788300226A91 /* Frameworks */,
				E18411DD275E788300226A91 /* Resources */,
				BF75E7B2A1BC4B76B8C353BF /* [CP] Embed Pods Frameworks */,
			);
			buildRules = (
			);
			dependencies = (
			);
			name = banking_app;
			productName = banking_app;
			productReference = E18411DF275E788300226A91 /* banking_app.app */;
			productType = "com.apple.product-type.application";
		};
/* End PBXNativeTarget section */

/* Begin PBXProject section */
		E18411D7275E788300226A91 /* Project object */ = {
			isa = PBXProject;
			attributes = {
				BuildIndependentTargetsInParallel = 1;
				LastSwiftUpdateCheck = 1300;
				LastUpgradeCheck = 1300;
				TargetAttributes = {
					E18411DE275E788300226A91 = {
						CreatedOnToolsVersion = 13.0;
					};
				};
			};
			buildConfigurationList = E18411DA275E788300226A91 /* Build configuration list for PBXProject "banking_app" */;
			compatibilityVersion = "Xcode 13.0";
			developmentRegion = en;
			hasScannedForEncodings = 0;
			knownRegions = (
				en,
				Base,
			);
			mainGroup = E18411D6275E788300226A91;
			productRefGroup = E18411E0275E788300226A91 /* Products */;
			projectDirPath = "";
			projectRoot = "";
			targets = (
				E18411DE275E788300226A91 /* banking_app */,
			);
		};
/* End PBXProject section */

/* Begin PBXResourcesBuildPhase section */
		E18411DD275E788300226A91 /* Resources */ = {
			isa = PBXResourcesBuildPhase;
			buildActionMask = 2147483647;
			files = (
				E18411EF275E788800226A91 /* LaunchScreen.storyboard in Resources */,
				C4E972B7276889FA00FC227E /* GoogleService-Info.plist in Resources */,
				E18411EC275E788800226A91 /* Assets.xcassets in Resources */,
				E18411EA275E788300226A91 /* Main.storyboard in Resources */,
			);
			runOnlyForDeploymentPostprocessing = 0;
		};
/* End PBXResourcesBuildPhase section */

/* Begin PBXShellScriptBuildPhase section */
		BF75E7B2A1BC4B76B8C353BF /* [CP] Embed Pods Frameworks */ = {
			isa = PBXShellScriptBuildPhase;
			buildActionMask = 2147483647;
			files = (
			);
			inputFileListPaths = (
				"${PODS_ROOT}/Target Support Files/Pods-banking_app/Pods-banking_app-frameworks-${CONFIGURATION}-input-files.xcfilelist",
			);
			name = "[CP] Embed Pods Frameworks";
			outputFileListPaths = (
				"${PODS_ROOT}/Target Support Files/Pods-banking_app/Pods-banking_app-frameworks-${CONFIGURATION}-output-files.xcfilelist",
			);
			runOnlyForDeploymentPostprocessing = 0;
			shellPath = /bin/sh;
			shellScript = "\"${PODS_ROOT}/Target Support Files/Pods-banking_app/Pods-banking_app-frameworks.sh\"\n";
			showEnvVarsInLog = 0;
		};
		FDDC70C9E6BED2A14F4E95D7 /* [CP] Check Pods Manifest.lock */ = {
			isa = PBXShellScriptBuildPhase;
			buildActionMask = 2147483647;
			files = (
			);
			inputFileListPaths = (
			);
			inputPaths = (
				"${PODS_PODFILE_DIR_PATH}/Podfile.lock",
				"${PODS_ROOT}/Manifest.lock",
			);
			name = "[CP] Check Pods Manifest.lock";
			outputFileListPaths = (
			);
			outputPaths = (
				"$(DERIVED_FILE_DIR)/Pods-banking_app-checkManifestLockResult.txt",
			);
			runOnlyForDeploymentPostprocessing = 0;
			shellPath = /bin/sh;
			shellScript = "diff \"${PODS_PODFILE_DIR_PATH}/Podfile.lock\" \"${PODS_ROOT}/Manifest.lock\" > /dev/null\nif [ $? != 0 ] ; then\n    # print error to STDERR\n    echo \"error: The sandbox is not in sync with the Podfile.lock. Run 'pod install' or update your CocoaPods installation.\" >&2\n    exit 1\nfi\n# This output is used by Xcode 'outputs' to avoid re-running this script phase.\necho \"SUCCESS\" > \"${SCRIPT_OUTPUT_FILE_0}\"\n";
			showEnvVarsInLog = 0;
		};
/* End PBXShellScriptBuildPhase section */

/* Begin PBXSourcesBuildPhase section */
		E18411DB275E788300226A91 /* Sources */ = {
			isa = PBXSourcesBuildPhase;
			buildActionMask = 2147483647;
			files = (
				C491406E277910C5008B38B2 /* ChangePasswordViewController.swift in Sources */,
				E18411E7275E788300226A91 /* SignInViewController.swift in Sources */,
				63D8A471277BA5EF0050BF25 /* MainTabBarController.swift in Sources */,
				63AF409C276D66E500E18E99 /* AppSingleton.swift in Sources */,
				E18411E3275E788300226A91 /* AppDelegate.swift in Sources */,
				6316A4DB276D2CCD00950308 /* CardsCollectionViewCell.swift in Sources */,
				63ACE775277260F9001D12C1 /* WorthModel.swift in Sources */,
				C486177727677162000A9DCE /* CardModel.swift in Sources */,
				63D8A46E277B78AB0050BF25 /* BaseViewController.swift in Sources */,
				C431E15A2760DC1E00A18D31 /* TransfersTableViewCell.swift in Sources */,
				C4818834277A08A600E26839 /* InvestmentsTableViewCell.swift in Sources */,
				634852F8276B9B2700E2FA1F /* AppError.swift in Sources */,
				E18411E5275E788300226A91 /* SceneDelegate.swift in Sources */,
				63AF409E276D72EB00E18E99 /* StringExtension.swift in Sources */,
				C4A26EB7275FF5D1009DB036 /* InvestmentsViewController.swift in Sources */,
				C40CD91B2764D16C0061BB09 /* AccountModel.swift in Sources */,
				C4A26EB5275FF5BB009DB036 /* SettingsViewController.swift in Sources */,
				C486177927677180000A9DCE /* CardsDataSource.swift in Sources */,
				C491406C2778B1B7008B38B2 /* InvestmentModel.swift in Sources */,
				634852F3276B90CE00E2FA1F /* LoginModel.swift in Sources */,
				C4644EE5276926A1002C17B9 /* UserModel.swift in Sources */,
				634852F1276B902E00E2FA1F /* NetworkManager.swift in Sources */,
				C4911E19277B00AF00488723 /* TransferMoneyViewController.swift in Sources */,
				C431E14D2760DA3E00A18D31 /* CardDetailViewController.swift in Sources */,
				C45BEA922768C4BC00A77542 /* FirebaseDataSourceDelegate.swift in Sources */,
				C4A26EBB275FF5ED009DB036 /* WalletViewController.swift in Sources */,
				C47933802773636C004B90BF /* AccountsCollectionViewCell.swift in Sources */,
				63EC201627736A3500BE15CD /* DoubleExtension.swift in Sources */,
				C4A26EBD276002F7009DB036 /* InvestmentsDetailViewController.swift in Sources */,
				C431E14F2760DA5100A18D31 /* AccountDetailViewController.swift in Sources */,
				63FA01002771F37600B7BAC3 /* TransactionModel.swift in Sources */,
				63AF409A276D65D100E18E99 /* DateExtension.swift in Sources */,
				C4A26EB9275FF5E1009DB036 /* TransfersViewController.swift in Sources */,
				C40CD9192764D1560061BB09 /* AccountsDataSource.swift in Sources */,
				C4A26EB3275FF5A4009DB036 /* MainViewController.swift in Sources */,
				C431E1582760DC0C00A18D31 /* InvestmentsDetailTableViewCell.swift in Sources */,
			);
			runOnlyForDeploymentPostprocessing = 0;
		};
/* End PBXSourcesBuildPhase section */

/* Begin PBXVariantGroup section */
		E18411E8275E788300226A91 /* Main.storyboard */ = {
			isa = PBXVariantGroup;
			children = (
				E18411E9275E788300226A91 /* Base */,
			);
			name = Main.storyboard;
			sourceTree = "<group>";
		};
		E18411ED275E788800226A91 /* LaunchScreen.storyboard */ = {
			isa = PBXVariantGroup;
			children = (
				E18411EE275E788800226A91 /* Base */,
			);
			name = LaunchScreen.storyboard;
			sourceTree = "<group>";
		};
/* End PBXVariantGroup section */

/* Begin XCBuildConfiguration section */
		E18411F1275E788800226A91 /* Debug */ = {
			isa = XCBuildConfiguration;
			buildSettings = {
				ALWAYS_SEARCH_USER_PATHS = NO;
				CLANG_ANALYZER_NONNULL = YES;
				CLANG_ANALYZER_NUMBER_OBJECT_CONVERSION = YES_AGGRESSIVE;
				CLANG_CXX_LANGUAGE_STANDARD = "gnu++17";
				CLANG_CXX_LIBRARY = "libc++";
				CLANG_ENABLE_MODULES = YES;
				CLANG_ENABLE_OBJC_ARC = YES;
				CLANG_ENABLE_OBJC_WEAK = YES;
				CLANG_WARN_BLOCK_CAPTURE_AUTORELEASING = YES;
				CLANG_WARN_BOOL_CONVERSION = YES;
				CLANG_WARN_COMMA = YES;
				CLANG_WARN_CONSTANT_CONVERSION = YES;
				CLANG_WARN_DEPRECATED_OBJC_IMPLEMENTATIONS = YES;
				CLANG_WARN_DIRECT_OBJC_ISA_USAGE = YES_ERROR;
				CLANG_WARN_DOCUMENTATION_COMMENTS = YES;
				CLANG_WARN_EMPTY_BODY = YES;
				CLANG_WARN_ENUM_CONVERSION = YES;
				CLANG_WARN_INFINITE_RECURSION = YES;
				CLANG_WARN_INT_CONVERSION = YES;
				CLANG_WARN_NON_LITERAL_NULL_CONVERSION = YES;
				CLANG_WARN_OBJC_IMPLICIT_RETAIN_SELF = YES;
				CLANG_WARN_OBJC_LITERAL_CONVERSION = YES;
				CLANG_WARN_OBJC_ROOT_CLASS = YES_ERROR;
				CLANG_WARN_QUOTED_INCLUDE_IN_FRAMEWORK_HEADER = YES;
				CLANG_WARN_RANGE_LOOP_ANALYSIS = YES;
				CLANG_WARN_STRICT_PROTOTYPES = YES;
				CLANG_WARN_SUSPICIOUS_MOVE = YES;
				CLANG_WARN_UNGUARDED_AVAILABILITY = YES_AGGRESSIVE;
				CLANG_WARN_UNREACHABLE_CODE = YES;
				CLANG_WARN__DUPLICATE_METHOD_MATCH = YES;
				COPY_PHASE_STRIP = NO;
				DEBUG_INFORMATION_FORMAT = dwarf;
				ENABLE_STRICT_OBJC_MSGSEND = YES;
				ENABLE_TESTABILITY = YES;
				GCC_C_LANGUAGE_STANDARD = gnu11;
				GCC_DYNAMIC_NO_PIC = NO;
				GCC_NO_COMMON_BLOCKS = YES;
				GCC_OPTIMIZATION_LEVEL = 0;
				GCC_PREPROCESSOR_DEFINITIONS = (
					"DEBUG=1",
					"$(inherited)",
				);
				GCC_WARN_64_TO_32_BIT_CONVERSION = YES;
				GCC_WARN_ABOUT_RETURN_TYPE = YES_ERROR;
				GCC_WARN_UNDECLARED_SELECTOR = YES;
				GCC_WARN_UNINITIALIZED_AUTOS = YES_AGGRESSIVE;
				GCC_WARN_UNUSED_FUNCTION = YES;
				GCC_WARN_UNUSED_VARIABLE = YES;
				IPHONEOS_DEPLOYMENT_TARGET = 15.0;
				MTL_ENABLE_DEBUG_INFO = INCLUDE_SOURCE;
				MTL_FAST_MATH = YES;
				ONLY_ACTIVE_ARCH = YES;
				SDKROOT = iphoneos;
				SWIFT_ACTIVE_COMPILATION_CONDITIONS = DEBUG;
				SWIFT_OPTIMIZATION_LEVEL = "-Onone";
			};
			name = Debug;
		};
		E18411F2275E788800226A91 /* Release */ = {
			isa = XCBuildConfiguration;
			buildSettings = {
				ALWAYS_SEARCH_USER_PATHS = NO;
				CLANG_ANALYZER_NONNULL = YES;
				CLANG_ANALYZER_NUMBER_OBJECT_CONVERSION = YES_AGGRESSIVE;
				CLANG_CXX_LANGUAGE_STANDARD = "gnu++17";
				CLANG_CXX_LIBRARY = "libc++";
				CLANG_ENABLE_MODULES = YES;
				CLANG_ENABLE_OBJC_ARC = YES;
				CLANG_ENABLE_OBJC_WEAK = YES;
				CLANG_WARN_BLOCK_CAPTURE_AUTORELEASING = YES;
				CLANG_WARN_BOOL_CONVERSION = YES;
				CLANG_WARN_COMMA = YES;
				CLANG_WARN_CONSTANT_CONVERSION = YES;
				CLANG_WARN_DEPRECATED_OBJC_IMPLEMENTATIONS = YES;
				CLANG_WARN_DIRECT_OBJC_ISA_USAGE = YES_ERROR;
				CLANG_WARN_DOCUMENTATION_COMMENTS = YES;
				CLANG_WARN_EMPTY_BODY = YES;
				CLANG_WARN_ENUM_CONVERSION = YES;
				CLANG_WARN_INFINITE_RECURSION = YES;
				CLANG_WARN_INT_CONVERSION = YES;
				CLANG_WARN_NON_LITERAL_NULL_CONVERSION = YES;
				CLANG_WARN_OBJC_IMPLICIT_RETAIN_SELF = YES;
				CLANG_WARN_OBJC_LITERAL_CONVERSION = YES;
				CLANG_WARN_OBJC_ROOT_CLASS = YES_ERROR;
				CLANG_WARN_QUOTED_INCLUDE_IN_FRAMEWORK_HEADER = YES;
				CLANG_WARN_RANGE_LOOP_ANALYSIS = YES;
				CLANG_WARN_STRICT_PROTOTYPES = YES;
				CLANG_WARN_SUSPICIOUS_MOVE = YES;
				CLANG_WARN_UNGUARDED_AVAILABILITY = YES_AGGRESSIVE;
				CLANG_WARN_UNREACHABLE_CODE = YES;
				CLANG_WARN__DUPLICATE_METHOD_MATCH = YES;
				COPY_PHASE_STRIP = NO;
				DEBUG_INFORMATION_FORMAT = "dwarf-with-dsym";
				ENABLE_NS_ASSERTIONS = NO;
				ENABLE_STRICT_OBJC_MSGSEND = YES;
				GCC_C_LANGUAGE_STANDARD = gnu11;
				GCC_NO_COMMON_BLOCKS = YES;
				GCC_WARN_64_TO_32_BIT_CONVERSION = YES;
				GCC_WARN_ABOUT_RETURN_TYPE = YES_ERROR;
				GCC_WARN_UNDECLARED_SELECTOR = YES;
				GCC_WARN_UNINITIALIZED_AUTOS = YES_AGGRESSIVE;
				GCC_WARN_UNUSED_FUNCTION = YES;
				GCC_WARN_UNUSED_VARIABLE = YES;
				IPHONEOS_DEPLOYMENT_TARGET = 15.0;
				MTL_ENABLE_DEBUG_INFO = NO;
				MTL_FAST_MATH = YES;
				SDKROOT = iphoneos;
				SWIFT_COMPILATION_MODE = wholemodule;
				SWIFT_OPTIMIZATION_LEVEL = "-O";
				VALIDATE_PRODUCT = YES;
			};
			name = Release;
		};
		E18411F4275E788800226A91 /* Debug */ = {
			isa = XCBuildConfiguration;
			baseConfigurationReference = 041BD6018907E42EEE3EDD14 /* Pods-banking_app.debug.xcconfig */;
			buildSettings = {
				ASSETCATALOG_COMPILER_APPICON_NAME = AppIcon;
				ASSETCATALOG_COMPILER_GLOBAL_ACCENT_COLOR_NAME = AccentColor;
				CODE_SIGN_STYLE = Automatic;
				CURRENT_PROJECT_VERSION = 1;
				GENERATE_INFOPLIST_FILE = YES;
				INFOPLIST_FILE = banking_app/Info.plist;
				INFOPLIST_KEY_CFBundleDisplayName = "Koc Bank";
				INFOPLIST_KEY_UIApplicationSupportsIndirectInputEvents = YES;
				INFOPLIST_KEY_UILaunchStoryboardName = LaunchScreen;
				INFOPLIST_KEY_UIMainStoryboardFile = Main;
				INFOPLIST_KEY_UISupportedInterfaceOrientations_iPad = "UIInterfaceOrientationPortrait UIInterfaceOrientationPortraitUpsideDown UIInterfaceOrientationLandscapeLeft UIInterfaceOrientationLandscapeRight";
				INFOPLIST_KEY_UISupportedInterfaceOrientations_iPhone = "UIInterfaceOrientationPortrait UIInterfaceOrientationLandscapeLeft UIInterfaceOrientationLandscapeRight";
				LD_RUNPATH_SEARCH_PATHS = (
					"$(inherited)",
					"@executable_path/Frameworks",
				);
				MARKETING_VERSION = 1.0;
				PRODUCT_BUNDLE_IDENTIFIER = "com.canxkoz.banking-app";
				PRODUCT_NAME = "$(TARGET_NAME)";
				SWIFT_EMIT_LOC_STRINGS = YES;
				SWIFT_VERSION = 5.0;
				TARGETED_DEVICE_FAMILY = "1,2";
			};
			name = Debug;
		};
		E18411F5275E788800226A91 /* Release */ = {
			isa = XCBuildConfiguration;
			baseConfigurationReference = 4DD030FB0232DA50605A3ABA /* Pods-banking_app.release.xcconfig */;
			buildSettings = {
				ASSETCATALOG_COMPILER_APPICON_NAME = AppIcon;
				ASSETCATALOG_COMPILER_GLOBAL_ACCENT_COLOR_NAME = AccentColor;
				CODE_SIGN_STYLE = Automatic;
				CURRENT_PROJECT_VERSION = 1;
				GENERATE_INFOPLIST_FILE = YES;
				INFOPLIST_FILE = banking_app/Info.plist;
				INFOPLIST_KEY_CFBundleDisplayName = "Koc Bank";
				INFOPLIST_KEY_UIApplicationSupportsIndirectInputEvents = YES;
				INFOPLIST_KEY_UILaunchStoryboardName = LaunchScreen;
				INFOPLIST_KEY_UIMainStoryboardFile = Main;
				INFOPLIST_KEY_UISupportedInterfaceOrientations_iPad = "UIInterfaceOrientationPortrait UIInterfaceOrientationPortraitUpsideDown UIInterfaceOrientationLandscapeLeft UIInterfaceOrientationLandscapeRight";
				INFOPLIST_KEY_UISupportedInterfaceOrientations_iPhone = "UIInterfaceOrientationPortrait UIInterfaceOrientationLandscapeLeft UIInterfaceOrientationLandscapeRight";
				LD_RUNPATH_SEARCH_PATHS = (
					"$(inherited)",
					"@executable_path/Frameworks",
				);
				MARKETING_VERSION = 1.0;
				PRODUCT_BUNDLE_IDENTIFIER = "com.canxkoz.banking-app";
				PRODUCT_NAME = "$(TARGET_NAME)";
				SWIFT_EMIT_LOC_STRINGS = YES;
				SWIFT_VERSION = 5.0;
				TARGETED_DEVICE_FAMILY = "1,2";
			};
			name = Release;
		};
/* End XCBuildConfiguration section */

/* Begin XCConfigurationList section */
		E18411DA275E788300226A91 /* Build configuration list for PBXProject "banking_app" */ = {
			isa = XCConfigurationList;
			buildConfigurations = (
				E18411F1275E788800226A91 /* Debug */,
				E18411F2275E788800226A91 /* Release */,
			);
			defaultConfigurationIsVisible = 0;
			defaultConfigurationName = Release;
		};
		E18411F3275E788800226A91 /* Build configuration list for PBXNativeTarget "banking_app" */ = {
			isa = XCConfigurationList;
			buildConfigurations = (
				E18411F4275E788800226A91 /* Debug */,
				E18411F5275E788800226A91 /* Release */,
			);
			defaultConfigurationIsVisible = 0;
			defaultConfigurationName = Release;
		};
/* End XCConfigurationList section */
	};
	rootObject = E18411D7275E788300226A91 /* Project object */;
}
